{
  "name": "@metacodi/ionic-angular-dynamic-forms",
  "version": "1.0.0",
  "lockfileVersion": 3,
  "requires": true,
  "packages": {
    "": {
      "name": "@metacodi/ionic-angular-dynamic-forms",
      "version": "1.0.0",
      "license": "MIT",
      "devDependencies": {
        "@angular/compiler": "^20.2.4",
        "@types/node": "^24.3.1",
        "typescript": "~5.6.3"
      },
      "peerDependencies": {
        "@angular/common": "^20.2.4",
        "@angular/core": "^20.2.4",
        "@angular/forms": "^20.2.4",
        "@ionic/angular": "^8.7.3",
        "@ngx-translate/core": "^17.0.0",
        "rxjs": "~7.8.0",
        "zone.js": "^0.15.1"
      }
    },
    "node_modules/@angular/common": {
      "version": "20.2.4",
      "resolved": "https://registry.npmjs.org/@angular/common/-/common-20.2.4.tgz",
      "integrity": "sha512-mc6Sq1cYjaPJYThnvG6x0f/E27pWksqwaNJxT1RtwhAGc1i2jsc0su6b7e5NnXEgVbdPqu1MZHAEFdXZ5+/MwQ==",
      "license": "MIT",
      "peer": true,
      "dependencies": {
        "tslib": "^2.3.0"
      },
      "engines": {
        "node": "^20.19.0 || ^22.12.0 || >=24.0.0"
      },
      "peerDependencies": {
        "@angular/core": "20.2.4",
        "rxjs": "^6.5.3 || ^7.4.0"
      }
    },
    "node_modules/@angular/compiler": {
      "version": "20.2.4",
      "resolved": "https://registry.npmjs.org/@angular/compiler/-/compiler-20.2.4.tgz",
      "integrity": "sha512-LQzf+Azb/Ms+BavpCFIat+f1C0gUJpby2RW4yebF3JkBFKfJ7M8d49TQpF8rSnGxMRTf49mln7laz4nBYTLDGA==",
      "devOptional": true,
      "license": "MIT",
      "dependencies": {
        "tslib": "^2.3.0"
      },
      "engines": {
        "node": "^20.19.0 || ^22.12.0 || >=24.0.0"
      }
    },
    "node_modules/@angular/core": {
      "version": "20.2.4",
      "resolved": "https://registry.npmjs.org/@angular/core/-/core-20.2.4.tgz",
      "integrity": "sha512-8yvfvPDWX8M7o82GBl5P1nlvm1ywQ2XZi5HWj3llKpSJE2XjzhATgPrpKwiNVnpgjZWTOwM11fpoAaRKqQjxTA==",
      "license": "MIT",
      "peer": true,
      "dependencies": {
        "tslib": "^2.3.0"
      },
      "engines": {
        "node": "^20.19.0 || ^22.12.0 || >=24.0.0"
      },
      "peerDependencies": {
        "@angular/compiler": "20.2.4",
        "rxjs": "^6.5.3 || ^7.4.0",
        "zone.js": "~0.15.0"
      },
      "peerDependenciesMeta": {
        "@angular/compiler": {
          "optional": true
        },
        "zone.js": {
          "optional": true
        }
      }
    },
    "node_modules/@angular/forms": {
      "version": "20.2.4",
      "resolved": "https://registry.npmjs.org/@angular/forms/-/forms-20.2.4.tgz",
      "integrity": "sha512-wbgnW+GALVAmK6hgFegkwlHKw35onvh9Z5A236HCyUySEAOiaD/3CoDg5Hw4iHQAiSU6Fn2NwDiv+W0xki6WDw==",
      "license": "MIT",
      "peer": true,
      "dependencies": {
        "tslib": "^2.3.0"
      },
      "engines": {
        "node": "^20.19.0 || ^22.12.0 || >=24.0.0"
      },
      "peerDependencies": {
        "@angular/common": "20.2.4",
        "@angular/core": "20.2.4",
        "@angular/platform-browser": "20.2.4",
        "rxjs": "^6.5.3 || ^7.4.0"
      }
    },
    "node_modules/@angular/platform-browser": {
      "version": "20.2.4",
      "resolved": "https://registry.npmjs.org/@angular/platform-browser/-/platform-browser-20.2.4.tgz",
      "integrity": "sha512-81vzW8xhnJU7AiYJKXLR2MuvawzhRDgwyNkPEep58wty5zNuIUCXdUERJSsXo7m/U2Dg1FUFfqLm4RC2UkqLzA==",
      "license": "MIT",
      "peer": true,
      "dependencies": {
        "tslib": "^2.3.0"
      },
      "engines": {
        "node": "^20.19.0 || ^22.12.0 || >=24.0.0"
      },
      "peerDependencies": {
        "@angular/animations": "20.2.4",
        "@angular/common": "20.2.4",
        "@angular/core": "20.2.4"
      },
      "peerDependenciesMeta": {
        "@angular/animations": {
          "optional": true
        }
      }
    },
    "node_modules/@angular/router": {
      "version": "20.2.4",
      "resolved": "https://registry.npmjs.org/@angular/router/-/router-20.2.4.tgz",
      "integrity": "sha512-KoduI1o+iBfCBGtXMvmy/qncDIwGxd2hNt2hDkkiYZTftmSg/XUJDxJqN84ckm2WLkdJpR9EirrwfHapJBIZOQ==",
      "license": "MIT",
      "peer": true,
      "dependencies": {
        "tslib": "^2.3.0"
      },
      "engines": {
        "node": "^20.19.0 || ^22.12.0 || >=24.0.0"
      },
      "peerDependencies": {
        "@angular/common": "20.2.4",
        "@angular/core": "20.2.4",
        "@angular/platform-browser": "20.2.4",
        "rxjs": "^6.5.3 || ^7.4.0"
      }
    },
    "node_modules/@ionic/angular": {
      "version": "8.7.3",
      "resolved": "https://registry.npmjs.org/@ionic/angular/-/angular-8.7.3.tgz",
      "integrity": "sha512-Fd2bsluwsi88d8AEvSVANn3a7xZ7NEmlvgVTLnuF9VTI0TgdkLQptgEolty00axnQdjCaxSXxgFJd/m0gVpKIg==",
      "license": "MIT",
      "peer": true,
      "dependencies": {
        "@ionic/core": "8.7.3",
        "ionicons": "^8.0.13",
        "jsonc-parser": "^3.0.0",
        "tslib": "^2.3.0"
      },
      "peerDependencies": {
        "@angular/core": ">=16.0.0",
        "@angular/forms": ">=16.0.0",
        "@angular/router": ">=16.0.0",
        "rxjs": ">=7.5.0",
        "zone.js": ">=0.13.0"
      }
    },
    "node_modules/@ionic/core": {
      "version": "8.7.3",
      "resolved": "https://registry.npmjs.org/@ionic/core/-/core-8.7.3.tgz",
      "integrity": "sha512-KdyMxpMDQj+uqpztpK6yvN/T96hqcDiGXQ4T+aAZ+LW3wV3+0it6/rbh9C1B/wCl4Isnm4IRltPabgEfNJ50nw==",
      "license": "MIT",
      "peer": true,
      "dependencies": {
        "@stencil/core": "4.36.2",
        "ionicons": "^8.0.13",
        "tslib": "^2.1.0"
      }
    },
    "node_modules/@ngx-translate/core": {
      "version": "17.0.0",
      "resolved": "https://registry.npmjs.org/@ngx-translate/core/-/core-17.0.0.tgz",
      "integrity": "sha512-Rft2D5ns2pq4orLZjEtx1uhNuEBerUdpFUG1IcqtGuipj6SavgB8SkxtNQALNDA+EVlvsNCCjC2ewZVtUeN6rg==",
      "license": "MIT",
      "peer": true,
      "dependencies": {
        "tslib": "^2.3.0"
      },
      "peerDependencies": {
        "@angular/common": ">=16",
        "@angular/core": ">=16"
      }
    },
    "node_modules/@stencil/core": {
      "version": "4.36.2",
      "resolved": "https://registry.npmjs.org/@stencil/core/-/core-4.36.2.tgz",
      "integrity": "sha512-PRFSpxNzX9Oi0Wfh02asztN9Sgev/MacfZwmd+VVyE6ZxW+a/kEpAYZhzGAmE+/aKVOGYuug7R9SulanYGxiDQ==",
      "license": "MIT",
      "peer": true,
      "bin": {
        "stencil": "bin/stencil"
      },
      "engines": {
        "node": ">=16.0.0",
        "npm": ">=7.10.0"
      },
      "optionalDependencies": {
        "@rollup/rollup-darwin-arm64": "4.34.9",
        "@rollup/rollup-darwin-x64": "4.34.9",
        "@rollup/rollup-linux-arm64-gnu": "4.34.9",
        "@rollup/rollup-linux-arm64-musl": "4.34.9",
        "@rollup/rollup-linux-x64-gnu": "4.34.9",
        "@rollup/rollup-linux-x64-musl": "4.34.9",
        "@rollup/rollup-win32-arm64-msvc": "4.34.9",
        "@rollup/rollup-win32-x64-msvc": "4.34.9"
      }
    },
    "node_modules/@types/node": {
      "version": "24.3.1",
      "resolved": "https://registry.npmjs.org/@types/node/-/node-24.3.1.tgz",
      "integrity": "sha512-3vXmQDXy+woz+gnrTvuvNrPzekOi+Ds0ReMxw0LzBiK3a+1k0kQn9f2NWk+lgD4rJehFUmYy2gMhJ2ZI+7YP9g==",
      "dev": true,
      "license": "MIT",
      "dependencies": {
        "undici-types": "~7.10.0"
      }
    },
    "node_modules/ionicons": {
      "version": "8.0.13",
      "resolved": "https://registry.npmjs.org/ionicons/-/ionicons-8.0.13.tgz",
      "integrity": "sha512-2QQVyG2P4wszne79jemMjWYLp0DBbDhr4/yFroPCxvPP1wtMxgdIV3l5n+XZ5E9mgoXU79w7yTWpm2XzJsISxQ==",
      "license": "MIT",
      "peer": true,
      "dependencies": {
        "@stencil/core": "^4.35.3"
      }
    },
    "node_modules/jsonc-parser": {
      "version": "3.3.1",
      "resolved": "https://registry.npmjs.org/jsonc-parser/-/jsonc-parser-3.3.1.tgz",
      "integrity": "sha512-HUgH65KyejrUFPvHFPbqOY0rsFip3Bo5wb4ngvdi1EpCYWUQDC5V+Y7mZws+DLkr4M//zQJoanu1SP+87Dv1oQ==",
      "license": "MIT",
      "peer": true
    },
    "node_modules/rxjs": {
      "version": "7.8.2",
      "resolved": "https://registry.npmjs.org/rxjs/-/rxjs-7.8.2.tgz",
      "integrity": "sha512-dhKf903U/PQZY6boNNtAGdWbG85WAbjT/1xYoZIC7FAY0yWapOBQVsVrDl58W86//e1VpMNBtRV4MaXfdMySFA==",
      "license": "Apache-2.0",
      "peer": true,
      "dependencies": {
        "tslib": "^2.1.0"
      }
    },
    "node_modules/tslib": {
      "version": "2.8.1",
      "resolved": "https://registry.npmjs.org/tslib/-/tslib-2.8.1.tgz",
      "integrity": "sha512-oJFu94HQb+KVduSUQL7wnpmqnfmLsOA/nAh6b6EH0wCEoK0/mPeXU6c3wKDV83MkOuHPRHtSXKKU99IBazS/2w==",
      "license": "0BSD"
    },
    "node_modules/typescript": {
      "version": "5.6.3",
      "resolved": "https://registry.npmjs.org/typescript/-/typescript-5.6.3.tgz",
      "integrity": "sha512-hjcS1mhfuyi4WW8IWtjP7brDrG2cuDZukyrYrSauoXGNgx0S7zceP07adYkJycEr56BOUTNPzbInooiN3fn1qw==",
      "dev": true,
      "license": "Apache-2.0",
      "bin": {
        "tsc": "bin/tsc",
        "tsserver": "bin/tsserver"
      },
      "engines": {
        "node": ">=14.17"
      }
    },
    "node_modules/undici-types": {
      "version": "7.10.0",
      "resolved": "https://registry.npmjs.org/undici-types/-/undici-types-7.10.0.tgz",
      "integrity": "sha512-t5Fy/nfn+14LuOc2KNYg75vZqClpAiqscVvMygNnlsHBFpSXdJaYtXMcdNLpl/Qvc3P2cB3s6lOV51nqsFq4ag==",
      "dev": true,
      "license": "MIT"
    },
    "node_modules/zone.js": {
      "version": "0.15.1",
      "resolved": "https://registry.npmjs.org/zone.js/-/zone.js-0.15.1.tgz",
      "integrity": "sha512-XE96n56IQpJM7NAoXswY3XRLcWFW83xe0BiAOeMD7K5k5xecOeul3Qcpx6GqEeeHNkW5DWL5zOyTbEfB4eti8w==",
      "license": "MIT",
      "peer": true
    }
  }
}
